# THIS IS AN AUTOGENERATED FILE. DO NOT EDIT THIS FILE DIRECTLY.
# yarn lockfile v1


"all@^0.0.0":
  "integrity" "sha512-0oKlfNVv2d+d7c1gwjGspzgbwot47PGQ4b3v1ccx4mR8l9P/Y6E6Dr/yE8lNT63EcAKEbHo6UG3odDpC/NQcKw=="
  "resolved" "https://registry.npmjs.org/all/-/all-0.0.0.tgz"
  "version" "0.0.0"

"bootstrap@^3.4.1":
  "integrity" "sha512-yN5oZVmRCwe5aKwzRj6736nSmKDX7pLYwsXiCj/EYmo16hODaBiT4En5btW/jhBF/seV+XMx3aYwukYC3A49DA=="
  "resolved" "https://registry.npmjs.org/bootstrap/-/bootstrap-3.4.1.tgz"
  "version" "3.4.1"
